
Microsoft Visual Studio Solution File, Format Version 12.00
# Visual Studio Version 16
VisualStudioVersion = 16.0.31129.286
MinimumVisualStudioVersion = 10.0.40219.1
Project("{FAE04EC0-301F-11D3-BF4B-00C04F79EFBC}") = "LibTest", "LibTest\LibTest.csproj", "{11FCBB52-6511-42BC-9802-6FD695485EA2}"
EndProject
Project("{FAE04EC0-301F-11D3-BF4B-00C04F79EFBC}") = "TestLib", "TestLib\TestLib.csproj", "{D9DEC0AC-4181-4F84-BA21-BE03D8E40E37}"
EndProject
Project("{FAE04EC0-301F-11D3-BF4B-00C04F79EFBC}") = "TestIt", "TestIt\TestIt.csproj", "{99C81FE5-10BC-4841-9D17-1BA86B6DFADD}"
EndProject
Global
	GlobalSection(SolutionConfigurationPlatforms) = preSolution
		Debug|Any CPU = Debug|Any CPU
		Release|Any CPU = Release|Any CPU
	EndGlobalSection
	GlobalSection(ProjectConfigurationPlatforms) = postSolution
		{11FCBB52-6511-42BC-9802-6FD695485EA2}.Debug|Any CPU.ActiveCfg = Debug|Any CPU
		{11FCBB52-6511-42BC-9802-6FD695485EA2}.Debug|Any CPU.Build.0 = Debug|Any CPU
		{11FCBB52-6511-42BC-9802-6FD695485EA2}.Release|Any CPU.ActiveCfg = Release|Any CPU
		{11FCBB52-6511-42BC-9802-6FD695485EA2}.Release|Any CPU.Build.0 = Release|Any CPU
		{D9DEC0AC-4181-4F84-BA21-BE03D8E40E37}.Debug|Any CPU.ActiveCfg = Debug|Any CPU
		{D9DEC0AC-4181-4F84-BA21-BE03D8E40E37}.Debug|Any CPU.Build.0 = Debug|Any CPU
		{D9DEC0AC-4181-4F84-BA21-BE03D8E40E37}.Release|Any CPU.ActiveCfg = Release|Any CPU
		{D9DEC0AC-4181-4F84-BA21-BE03D8E40E37}.Release|Any CPU.Build.0 = Release|Any CPU
		{99C81FE5-10BC-4841-9D17-1BA86B6DFADD}.Debug|Any CPU.ActiveCfg = Debug|Any CPU
		{99C81FE5-10BC-4841-9D17-1BA86B6DFADD}.Debug|Any CPU.Build.0 = Debug|Any CPU
		{99C81FE5-10BC-4841-9D17-1BA86B6DFADD}.Release|Any CPU.ActiveCfg = Release|Any CPU
		{99C81FE5-10BC-4841-9D17-1BA86B6DFADD}.Release|Any CPU.Build.0 = Release|Any CPU
	EndGlobalSection
	GlobalSection(SolutionProperties) = preSolution
		HideSolutionNode = FALSE
	EndGlobalSection
	GlobalSection(ExtensibilityGlobals) = postSolution
		SolutionGuid = {692BB835-4247-47B5-B008-0DF761A898D6}
	EndGlobalSection
EndGlobal
